
Microsoft Visual Studio Solution File, Format Version 12.00
# Visual Studio Version 16
VisualStudioVersion = 16.0.32228.343
MinimumVisualStudioVersion = 10.0.40219.1
Project("{9A19103F-16F7-4668-BE54-9A1E7A4F7556}") = "TestWebProj", "TestWebProj\TestWebProj.csproj", "{C3F463D6-DDBF-46C3-AFCD-BFE7BDF03CD3}"
EndProject
Project("{FAE04EC0-301F-11D3-BF4B-00C04F79EFBC}") = "testAPIproj", "testAPIproj\testAPIproj.csproj", "{D38182B0-BAAC-4490-9FCD-FB3F36329C69}"
EndProject
Global
	GlobalSection(SolutionConfigurationPlatforms) = preSolution
		Debug|Any CPU = Debug|Any CPU
		Release|Any CPU = Release|Any CPU
	EndGlobalSection
	GlobalSection(ProjectConfigurationPlatforms) = postSolution
		{C3F463D6-DDBF-46C3-AFCD-BFE7BDF03CD3}.Debug|Any CPU.ActiveCfg = Debug|Any CPU
		{C3F463D6-DDBF-46C3-AFCD-BFE7BDF03CD3}.Debug|Any CPU.Build.0 = Debug|Any CPU
		{C3F463D6-DDBF-46C3-AFCD-BFE7BDF03CD3}.Release|Any CPU.ActiveCfg = Release|Any CPU
		{C3F463D6-DDBF-46C3-AFCD-BFE7BDF03CD3}.Release|Any CPU.Build.0 = Release|Any CPU
		{D38182B0-BAAC-4490-9FCD-FB3F36329C69}.Debug|Any CPU.ActiveCfg = Debug|Any CPU
		{D38182B0-BAAC-4490-9FCD-FB3F36329C69}.Debug|Any CPU.Build.0 = Debug|Any CPU
		{D38182B0-BAAC-4490-9FCD-FB3F36329C69}.Release|Any CPU.ActiveCfg = Release|Any CPU
		{D38182B0-BAAC-4490-9FCD-FB3F36329C69}.Release|Any CPU.Build.0 = Release|Any CPU
	EndGlobalSection
	GlobalSection(SolutionProperties) = preSolution
		HideSolutionNode = FALSE
	EndGlobalSection
	GlobalSection(ExtensibilityGlobals) = postSolution
		SolutionGuid = {D9ED98F8-6EE6-459D-B321-A350DEAB0CAF}
	EndGlobalSection
EndGlobal
